
Microsoft Visual Studio Solution File, Format Version 12.00
# Visual Studio 15
VisualStudioVersion = 15.0.27428.2037
MinimumVisualStudioVersion = 10.0.40219.1
Project("{2150E333-8FDC-42A3-9474-1A3956D46DE8}") = "External", "External", "{E6CB8449-73E2-481F-B827-41EC24903943}"
EndProject
Project("{2150E333-8FDC-42A3-9474-1A3956D46DE8}") = "Business", "Business", "{5FA5E452-4BC0-478C-9174-CAA09470DD04}"
EndProject
Project("{9A19103F-16F7-4668-BE54-9A1E7A4F7556}") = "SimpleChat.Messaging", "Business\SimpleChat.Messaging\SimpleChat.Messaging.csproj", "{7B0FFDB1-A764-47D1-92E3-C84B74D0A8E8}"
EndProject
Project("{2150E333-8FDC-42A3-9474-1A3956D46DE8}") = "Test", "Test", "{71CBA1B2-BF10-48CD-ACAD-5C9888BDA0A6}"
EndProject
Project("{2150E333-8FDC-42A3-9474-1A3956D46DE8}") = "Host", "Host", "{AD620180-A1F4-49B3-A3CB-FC68426502B6}"
EndProject
Project("{9A19103F-16F7-4668-BE54-9A1E7A4F7556}") = "SimpleChat", "Host\SimpleChat\SimpleChat.csproj", "{A9D9BF74-0D99-4BEF-AE50-95615B479EAB}"
EndProject
Project("{9A19103F-16F7-4668-BE54-9A1E7A4F7556}") = "SimpleChat.Messaging.Database.Ef", "External\SimpleChat.Messaging.Database.Ef\SimpleChat.Messaging.Database.Ef.csproj", "{0D93071D-081B-478C-B1A1-D4B22738596E}"
EndProject
Project("{9A19103F-16F7-4668-BE54-9A1E7A4F7556}") = "SimpleChat.Messaging.Database.Ef.Sqlite", "External\SimpleChat.Messaging.Database.Ef.Sqlite\SimpleChat.Messaging.Database.Ef.Sqlite.csproj", "{043B7316-C5FB-4596-AD2A-E59022241C69}"
EndProject
Project("{9A19103F-16F7-4668-BE54-9A1E7A4F7556}") = "SimpleChat.Messaging.Database.Ef.Test", "Test\SimpleChat.Messaging.Database.Ef.Test\SimpleChat.Messaging.Database.Ef.Test.csproj", "{ADEE50D2-D2B0-466F-AD81-C94A8F02400E}"
EndProject
Project("{9A19103F-16F7-4668-BE54-9A1E7A4F7556}") = "SimpleChat.Messaging.Database.Ef.Sqlite.Test", "Test\SimpleChat.Messaging.Database.Ef.Sqlite.Test\SimpleChat.Messaging.Database.Ef.Sqlite.Test.csproj", "{D33266BF-1647-47C4-90F8-628A0EB512C3}"
EndProject
Global
	GlobalSection(SolutionConfigurationPlatforms) = preSolution
		Debug|Any CPU = Debug|Any CPU
		Release|Any CPU = Release|Any CPU
	EndGlobalSection
	GlobalSection(ProjectConfigurationPlatforms) = postSolution
		{7B0FFDB1-A764-47D1-92E3-C84B74D0A8E8}.Debug|Any CPU.ActiveCfg = Debug|Any CPU
		{7B0FFDB1-A764-47D1-92E3-C84B74D0A8E8}.Debug|Any CPU.Build.0 = Debug|Any CPU
		{7B0FFDB1-A764-47D1-92E3-C84B74D0A8E8}.Release|Any CPU.ActiveCfg = Release|Any CPU
		{7B0FFDB1-A764-47D1-92E3-C84B74D0A8E8}.Release|Any CPU.Build.0 = Release|Any CPU
		{A9D9BF74-0D99-4BEF-AE50-95615B479EAB}.Debug|Any CPU.ActiveCfg = Debug|Any CPU
		{A9D9BF74-0D99-4BEF-AE50-95615B479EAB}.Debug|Any CPU.Build.0 = Debug|Any CPU
		{A9D9BF74-0D99-4BEF-AE50-95615B479EAB}.Release|Any CPU.ActiveCfg = Release|Any CPU
		{A9D9BF74-0D99-4BEF-AE50-95615B479EAB}.Release|Any CPU.Build.0 = Release|Any CPU
		{0D93071D-081B-478C-B1A1-D4B22738596E}.Debug|Any CPU.ActiveCfg = Debug|Any CPU
		{0D93071D-081B-478C-B1A1-D4B22738596E}.Debug|Any CPU.Build.0 = Debug|Any CPU
		{0D93071D-081B-478C-B1A1-D4B22738596E}.Release|Any CPU.ActiveCfg = Release|Any CPU
		{0D93071D-081B-478C-B1A1-D4B22738596E}.Release|Any CPU.Build.0 = Release|Any CPU
		{043B7316-C5FB-4596-AD2A-E59022241C69}.Debug|Any CPU.ActiveCfg = Debug|Any CPU
		{043B7316-C5FB-4596-AD2A-E59022241C69}.Debug|Any CPU.Build.0 = Debug|Any CPU
		{043B7316-C5FB-4596-AD2A-E59022241C69}.Release|Any CPU.ActiveCfg = Release|Any CPU
		{043B7316-C5FB-4596-AD2A-E59022241C69}.Release|Any CPU.Build.0 = Release|Any CPU
		{ADEE50D2-D2B0-466F-AD81-C94A8F02400E}.Debug|Any CPU.ActiveCfg = Debug|Any CPU
		{ADEE50D2-D2B0-466F-AD81-C94A8F02400E}.Debug|Any CPU.Build.0 = Debug|Any CPU
		{ADEE50D2-D2B0-466F-AD81-C94A8F02400E}.Release|Any CPU.ActiveCfg = Release|Any CPU
		{ADEE50D2-D2B0-466F-AD81-C94A8F02400E}.Release|Any CPU.Build.0 = Release|Any CPU
		{D33266BF-1647-47C4-90F8-628A0EB512C3}.Debug|Any CPU.ActiveCfg = Debug|Any CPU
		{D33266BF-1647-47C4-90F8-628A0EB512C3}.Debug|Any CPU.Build.0 = Debug|Any CPU
		{D33266BF-1647-47C4-90F8-628A0EB512C3}.Release|Any CPU.ActiveCfg = Release|Any CPU
		{D33266BF-1647-47C4-90F8-628A0EB512C3}.Release|Any CPU.Build.0 = Release|Any CPU
	EndGlobalSection
	GlobalSection(SolutionProperties) = preSolution
		HideSolutionNode = FALSE
	EndGlobalSection
	GlobalSection(NestedProjects) = preSolution
		{7B0FFDB1-A764-47D1-92E3-C84B74D0A8E8} = {5FA5E452-4BC0-478C-9174-CAA09470DD04}
		{A9D9BF74-0D99-4BEF-AE50-95615B479EAB} = {AD620180-A1F4-49B3-A3CB-FC68426502B6}
		{0D93071D-081B-478C-B1A1-D4B22738596E} = {E6CB8449-73E2-481F-B827-41EC24903943}
		{043B7316-C5FB-4596-AD2A-E59022241C69} = {E6CB8449-73E2-481F-B827-41EC24903943}
		{ADEE50D2-D2B0-466F-AD81-C94A8F02400E} = {71CBA1B2-BF10-48CD-ACAD-5C9888BDA0A6}
		{D33266BF-1647-47C4-90F8-628A0EB512C3} = {71CBA1B2-BF10-48CD-ACAD-5C9888BDA0A6}
	EndGlobalSection
	GlobalSection(ExtensibilityGlobals) = postSolution
		SolutionGuid = {2D4F3B2A-4438-4325-80DB-3DC50F04BC67}
	EndGlobalSection
EndGlobal
